// !$*UTF8*$!
{
	archiveVersion = 1;
	classes = {
	};
	objectVersion = 48;
	objects = {

/* Begin PBXBuildFile section */
		6F7776BE204EF5DD00B0719A /* AppDelegate.swift in Sources */ = {isa = PBXBuildFile; fileRef = 6F7776BD204EF5DD00B0719A /* AppDelegate.swift */; };
		6F7776C3204EF5DD00B0719A /* Main.storyboard in Resources */ = {isa = PBXBuildFile; fileRef = 6F7776C1204EF5DD00B0719A /* Main.storyboard */; };
		6F7776C5204EF5DD00B0719A /* Assets.xcassets in Resources */ = {isa = PBXBuildFile; fileRef = 6F7776C4204EF5DD00B0719A /* Assets.xcassets */; };
		6F7776C8204EF5DD00B0719A /* LaunchScreen.storyboard in Resources */ = {isa = PBXBuildFile; fileRef = 6F7776C6204EF5DD00B0719A /* LaunchScreen.storyboard */; };
		6F7776D0204EFC9C00B0719A /* MoviesViewController.swift in Sources */ = {isa = PBXBuildFile; fileRef = 6F7776CF204EFC9B00B0719A /* MoviesViewController.swift */; };
		6F7776D6204F03D200B0719A /* movieTableViewCell.swift in Sources */ = {isa = PBXBuildFile; fileRef = 6F7776D5204F03D200B0719A /* movieTableViewCell.swift */; };
		6F7776D9204F04BF00B0719A /* movieApi.swift in Sources */ = {isa = PBXBuildFile; fileRef = 6F7776D8204F04BF00B0719A /* movieApi.swift */; };
		6F7776DC204F182A00B0719A /* movie.swift in Sources */ = {isa = PBXBuildFile; fileRef = 6F7776DB204F182A00B0719A /* movie.swift */; };
		6FA04A95205000890010D26B /* MBProgressHUD.m in Sources */ = {isa = PBXBuildFile; fileRef = 6FA04A94205000890010D26B /* MBProgressHUD.m */; };
		6FD1260320502A7900128238 /* DetailedMovieViewController.swift in Sources */ = {isa = PBXBuildFile; fileRef = 6FD1260220502A7800128238 /* DetailedMovieViewController.swift */; };
		6FD126052050309700128238 /* FavTableViewController.swift in Sources */ = {isa = PBXBuildFile; fileRef = 6FD126042050309700128238 /* FavTableViewController.swift */; };
		6FD126072050336300128238 /* LoginViewController.swift in Sources */ = {isa = PBXBuildFile; fileRef = 6FD126062050336300128238 /* LoginViewController.swift */; };
		74EF001ADA298D7E05FA41A8 /* Pods_stc_Movies.framework in Frameworks */ = {isa = PBXBuildFile; fileRef = 6D1B73033AF30468C21D466B /* Pods_stc_Movies.framework */; };
/* End PBXBuildFile section */

/* Begin PBXFileReference section */
		6D1B73033AF30468C21D466B /* Pods_stc_Movies.framework */ = {isa = PBXFileReference; explicitFileType = wrapper.framework; includeInIndex = 0; path = Pods_stc_Movies.framework; sourceTree = BUILT_PRODUCTS_DIR; };
		6F7776BA204EF5DD00B0719A /* stc-Movies.app */ = {isa = PBXFileReference; explicitFileType = wrapper.application; includeInIndex = 0; path = "stc-Movies.app"; sourceTree = BUILT_PRODUCTS_DIR; };
		6F7776BD204EF5DD00B0719A /* AppDelegate.swift */ = {isa = PBXFileReference; lastKnownFileType = sourcecode.swift; path = AppDelegate.swift; sourceTree = "<group>"; };
		6F7776C2204EF5DD00B0719A /* Base */ = {isa = PBXFileReference; lastKnownFileType = file.storyboard; name = Base; path = Base.lproj/Main.storyboard; sourceTree = "<group>"; };
		6F7776C4204EF5DD00B0719A /* Assets.xcassets */ = {isa = PBXFileReference; lastKnownFileType = folder.assetcatalog; path = Assets.xcassets; sourceTree = "<group>"; };
		6F7776C7204EF5DD00B0719A /* Base */ = {isa = PBXFileReference; lastKnownFileType = file.storyboard; name = Base; path = Base.lproj/LaunchScreen.storyboard; sourceTree = "<group>"; };
		6F7776C9204EF5DD00B0719A /* Info.plist */ = {isa = PBXFileReference; lastKnownFileType = text.plist.xml; path = Info.plist; sourceTree = "<group>"; };
		6F7776CF204EFC9B00B0719A /* MoviesViewController.swift */ = {isa = PBXFileReference; lastKnownFileType = sourcecode.swift; path = MoviesViewController.swift; sourceTree = "<group>"; };
		6F7776D5204F03D200B0719A /* movieTableViewCell.swift */ = {isa = PBXFileReference; lastKnownFileType = sourcecode.swift; path = movieTableViewCell.swift; sourceTree = "<group>"; };
		6F7776D8204F04BF00B0719A /* movieApi.swift */ = {isa = PBXFileReference; lastKnownFileType = sourcecode.swift; path = movieApi.swift; sourceTree = "<group>"; };
		6F7776DB204F182A00B0719A /* movie.swift */ = {isa = PBXFileReference; lastKnownFileType = sourcecode.swift; path = movie.swift; sourceTree = "<group>"; };
		6FA04A93205000880010D26B /* MBProgressHUD.h */ = {isa = PBXFileReference; fileEncoding = 4; lastKnownFileType = sourcecode.c.h; path = MBProgressHUD.h; sourceTree = "<group>"; };
		6FA04A94205000890010D26B /* MBProgressHUD.m */ = {isa = PBXFileReference; fileEncoding = 4; lastKnownFileType = sourcecode.c.objc; path = MBProgressHUD.m; sourceTree = "<group>"; };
		6FD1260220502A7800128238 /* DetailedMovieViewController.swift */ = {isa = PBXFileReference; lastKnownFileType = sourcecode.swift; path = DetailedMovieViewController.swift; sourceTree = "<group>"; };
		6FD126042050309700128238 /* FavTableViewController.swift */ = {isa = PBXFileReference; lastKnownFileType = sourcecode.swift; path = FavTableViewController.swift; sourceTree = "<group>"; };
		6FD126062050336300128238 /* LoginViewController.swift */ = {isa = PBXFileReference; lastKnownFileType = sourcecode.swift; path = LoginViewController.swift; sourceTree = "<group>"; };
		6FD1260820505EE800128238 /* shaPassword.h */ = {isa = PBXFileReference; lastKnownFileType = sourcecode.c.h; path = shaPassword.h; sourceTree = "<group>"; };
		B87DBE425383AEE8EFDA9E20 /* Pods-stc-Movies.debug.xcconfig */ = {isa = PBXFileReference; includeInIndex = 1; lastKnownFileType = text.xcconfig; name = "Pods-stc-Movies.debug.xcconfig"; path = "Pods/Target Support Files/Pods-stc-Movies/Pods-stc-Movies.debug.xcconfig"; sourceTree = "<group>"; };
		E943442C5B81F22198D8BF05 /* Pods-stc-Movies.release.xcconfig */ = {isa = PBXFileReference; includeInIndex = 1; lastKnownFileType = text.xcconfig; name = "Pods-stc-Movies.release.xcconfig"; path = "Pods/Target Support Files/Pods-stc-Movies/Pods-stc-Movies.release.xcconfig"; sourceTree = "<group>"; };
/* End PBXFileReference section */

/* Begin PBXFrameworksBuildPhase section */
		6F7776B7204EF5DD00B0719A /* Frameworks */ = {
			isa = PBXFrameworksBuildPhase;
			buildActionMask = 2147483647;
			files = (
				74EF001ADA298D7E05FA41A8 /* Pods_stc_Movies.framework in Frameworks */,
			);
			runOnlyForDeploymentPostprocessing = 0;
		};
/* End PBXFrameworksBuildPhase section */

/* Begin PBXGroup section */
		6F7776B1204EF5DD00B0719A = {
			isa = PBXGroup;
			children = (
				6F7776BC204EF5DD00B0719A /* stc-Movies */,
				6F7776BB204EF5DD00B0719A /* Products */,
				836EAB3044CC01B224101443 /* Pods */,
				DAC777E74B5C3EAB79BC7591 /* Frameworks */,
			);
			sourceTree = "<group>";
		};
		6F7776BB204EF5DD00B0719A /* Products */ = {
			isa = PBXGroup;
			children = (
				6F7776BA204EF5DD00B0719A /* stc-Movies.app */,
			);
			name = Products;
			sourceTree = "<group>";
		};
		6F7776BC204EF5DD00B0719A /* stc-Movies */ = {
			isa = PBXGroup;
			children = (
				6FA04A93205000880010D26B /* MBProgressHUD.h */,
				6FA04A94205000890010D26B /* MBProgressHUD.m */,
				6F7776DA204F180E00B0719A /* Model */,
				6F7776D7204F049200B0719A /* Network */,
				6F7776D1204F02B300B0719A /* View */,
				6F7776D4204F032800B0719A /* Controller */,
				6F7776D3204F02E400B0719A /* Helper */,
				6F7776BD204EF5DD00B0719A /* AppDelegate.swift */,
				6F7776C4204EF5DD00B0719A /* Assets.xcassets */,
				6F7776C9204EF5DD00B0719A /* Info.plist */,
				6F7776C6204EF5DD00B0719A /* LaunchScreen.storyboard */,
				6F7776C1204EF5DD00B0719A /* Main.storyboard */,
				6FD1260820505EE800128238 /* shaPassword.h */,
			);
			path = "stc-Movies";
			sourceTree = "<group>";
		};
		6F7776D1204F02B300B0719A /* View */ = {
			isa = PBXGroup;
			children = (
				6F7776D5204F03D200B0719A /* movieTableViewCell.swift */,
			);
			path = View;
			sourceTree = "<group>";
		};
		6F7776D3204F02E400B0719A /* Helper */ = {
			isa = PBXGroup;
			children = (
			);
			path = Helper;
			sourceTree = "<group>";
		};
		6F7776D4204F032800B0719A /* Controller */ = {
			isa = PBXGroup;
			children = (
				6F7776CF204EFC9B00B0719A /* MoviesViewController.swift */,
				6FD1260220502A7800128238 /* DetailedMovieViewController.swift */,
				6FD126042050309700128238 /* FavTableViewController.swift */,
				6FD126062050336300128238 /* LoginViewController.swift */,
			);
			path = Controller;
			sourceTree = "<group>";
		};
		6F7776D7204F049200B0719A /* Network */ = {
			isa = PBXGroup;
			children = (
				6F7776D8204F04BF00B0719A /* movieApi.swift */,
			);
			path = Network;
			sourceTree = "<group>";
		};
		6F7776DA204F180E00B0719A /* Model */ = {
			isa = PBXGroup;
			children = (
				6F7776DB204F182A00B0719A /* movie.swift */,
			);
			path = Model;
			sourceTree = "<group>";
		};
		836EAB3044CC01B224101443 /* Pods */ = {
			isa = PBXGroup;
			children = (
				B87DBE425383AEE8EFDA9E20 /* Pods-stc-Movies.debug.xcconfig */,
				E943442C5B81F22198D8BF05 /* Pods-stc-Movies.release.xcconfig */,
			);
			name = Pods;
			sourceTree = "<group>";
		};
		DAC777E74B5C3EAB79BC7591 /* Frameworks */ = {
			isa = PBXGroup;
			children = (
				6D1B73033AF30468C21D466B /* Pods_stc_Movies.framework */,
			);
			name = Frameworks;
			sourceTree = "<group>";
		};
/* End PBXGroup section */

/* Begin PBXNativeTarget section */
		6F7776B9204EF5DD00B0719A /* stc-Movies */ = {
			isa = PBXNativeTarget;
			buildConfigurationList = 6F7776CC204EF5DD00B0719A /* Build configuration list for PBXNativeTarget "stc-Movies" */;
			buildPhases = (
				2D587C36A4D4A9FB17C6BC88 /* [CP] Check Pods Manifest.lock */,
				6F7776B6204EF5DD00B0719A /* Sources */,
				6F7776B7204EF5DD00B0719A /* Frameworks */,
				6F7776B8204EF5DD00B0719A /* Resources */,
				9F73766CC99F072B3D9038D6 /* [CP] Embed Pods Frameworks */,
				991728E73AE41D8D432D5939 /* [CP] Copy Pods Resources */,
			);
			buildRules = (
			);
			dependencies = (
			);
			name = "stc-Movies";
			productName = "stc-Movies";
			productReference = 6F7776BA204EF5DD00B0719A /* stc-Movies.app */;
			productType = "com.apple.product-type.application";
		};
/* End PBXNativeTarget section */

/* Begin PBXProject section */
		6F7776B2204EF5DD00B0719A /* Project object */ = {
			isa = PBXProject;
			attributes = {
				LastSwiftUpdateCheck = 0920;
				LastUpgradeCheck = 0920;
				ORGANIZATIONNAME = reham;
				TargetAttributes = {
					6F7776B9204EF5DD00B0719A = {
						CreatedOnToolsVersion = 9.2;
						LastSwiftMigration = 0920;
						ProvisioningStyle = Automatic;
					};
				};
			};
			buildConfigurationList = 6F7776B5204EF5DD00B0719A /* Build configuration list for PBXProject "stc-Movies" */;
			compatibilityVersion = "Xcode 8.0";
			developmentRegion = en;
			hasScannedForEncodings = 0;
			knownRegions = (
				en,
				Base,
			);
			mainGroup = 6F7776B1204EF5DD00B0719A;
			productRefGroup = 6F7776BB204EF5DD00B0719A /* Products */;
			projectDirPath = "";
			projectRoot = "";
			targets = (
				6F7776B9204EF5DD00B0719A /* stc-Movies */,
			);
		};
/* End PBXProject section */

/* Begin PBXResourcesBuildPhase section */
		6F7776B8204EF5DD00B0719A /* Resources */ = {
			isa = PBXResourcesBuildPhase;
			buildActionMask = 2147483647;
			files = (
				6F7776C8204EF5DD00B0719A /* LaunchScreen.storyboard in Resources */,
				6F7776C5204EF5DD00B0719A /* Assets.xcassets in Resources */,
				6F7776C3204EF5DD00B0719A /* Main.storyboard in Resources */,
			);
			runOnlyForDeploymentPostprocessing = 0;
		};
/* End PBXResourcesBuildPhase section */

/* Begin PBXShellScriptBuildPhase section */
		2D587C36A4D4A9FB17C6BC88 /* [CP] Check Pods Manifest.lock */ = {
			isa = PBXShellScriptBuildPhase;
			buildActionMask = 2147483647;
			files = (
			);
			inputPaths = (
				"${PODS_PODFILE_DIR_PATH}/Podfile.lock",
				"${PODS_ROOT}/Manifest.lock",
			);
			name = "[CP] Check Pods Manifest.lock";
			outputPaths = (
				"$(DERIVED_FILE_DIR)/Pods-stc-Movies-checkManifestLockResult.txt",
			);
			runOnlyForDeploymentPostprocessing = 0;
			shellPath = /bin/sh;
			shellScript = "diff \"${PODS_PODFILE_DIR_PATH}/Podfile.lock\" \"${PODS_ROOT}/Manifest.lock\" > /dev/null\nif [ $? != 0 ] ; then\n    # print error to STDERR\n    echo \"error: The sandbox is not in sync with the Podfile.lock. Run 'pod install' or update your CocoaPods installation.\" >&2\n    exit 1\nfi\n# This output is used by Xcode 'outputs' to avoid re-running this script phase.\necho \"SUCCESS\" > \"${SCRIPT_OUTPUT_FILE_0}\"\n";
			showEnvVarsInLog = 0;
		};
		991728E73AE41D8D432D5939 /* [CP] Copy Pods Resources */ = {
			isa = PBXShellScriptBuildPhase;
			buildActionMask = 2147483647;
			files = (
			);
			inputPaths = (
			);
			name = "[CP] Copy Pods Resources";
			outputPaths = (
			);
			runOnlyForDeploymentPostprocessing = 0;
			shellPath = /bin/sh;
			shellScript = "\"${SRCROOT}/Pods/Target Support Files/Pods-stc-Movies/Pods-stc-Movies-resources.sh\"\n";
			showEnvVarsInLog = 0;
		};
		9F73766CC99F072B3D9038D6 /* [CP] Embed Pods Frameworks */ = {
			isa = PBXShellScriptBuildPhase;
			buildActionMask = 2147483647;
			files = (
			);
			inputPaths = (
				"${SRCROOT}/Pods/Target Support Files/Pods-stc-Movies/Pods-stc-Movies-frameworks.sh",
				"${BUILT_PRODUCTS_DIR}/AFNetworking/AFNetworking.framework",
				"${BUILT_PRODUCTS_DIR}/MBProgressHUD/MBProgressHUD.framework",
			);
			name = "[CP] Embed Pods Frameworks";
			outputPaths = (
				"${TARGET_BUILD_DIR}/${FRAMEWORKS_FOLDER_PATH}/AFNetworking.framework",
				"${TARGET_BUILD_DIR}/${FRAMEWORKS_FOLDER_PATH}/MBProgressHUD.framework",
			);
			runOnlyForDeploymentPostprocessing = 0;
			shellPath = /bin/sh;
			shellScript = "\"${SRCROOT}/Pods/Target Support Files/Pods-stc-Movies/Pods-stc-Movies-frameworks.sh\"\n";
			showEnvVarsInLog = 0;
		};
/* End PBXShellScriptBuildPhase section */

/* Begin PBXSourcesBuildPhase section */
		6F7776B6204EF5DD00B0719A /* Sources */ = {
			isa = PBXSourcesBuildPhase;
			buildActionMask = 2147483647;
			files = (
				6FD126072050336300128238 /* LoginViewController.swift in Sources */,
				6F7776BE204EF5DD00B0719A /* AppDelegate.swift in Sources */,
				6FA04A95205000890010D26B /* MBProgressHUD.m in Sources */,
				6F7776D6204F03D200B0719A /* movieTableViewCell.swift in Sources */,
				6FD126052050309700128238 /* FavTableViewController.swift in Sources */,
				6F7776D0204EFC9C00B0719A /* MoviesViewController.swift in Sources */,
				6F7776D9204F04BF00B0719A /* movieApi.swift in Sources */,
				6F7776DC204F182A00B0719A /* movie.swift in Sources */,
				6FD1260320502A7900128238 /* DetailedMovieViewController.swift in Sources */,
			);
			runOnlyForDeploymentPostprocessing = 0;
		};
/* End PBXSourcesBuildPhase section */

/* Begin PBXVariantGroup section */
		6F7776C1204EF5DD00B0719A /* Main.storyboard */ = {
			isa = PBXVariantGroup;
			children = (
				6F7776C2204EF5DD00B0719A /* Base */,
			);
			name = Main.storyboard;
			sourceTree = "<group>";
		};
		6F7776C6204EF5DD00B0719A /* LaunchScreen.storyboard */ = {
			isa = PBXVariantGroup;
			children = (
				6F7776C7204EF5DD00B0719A /* Base */,
			);
			name = LaunchScreen.storyboard;
			sourceTree = "<group>";
		};
/* End PBXVariantGroup section */

/* Begin XCBuildConfiguration section */
		6F7776CA204EF5DD00B0719A /* Debug */ = {
			isa = XCBuildConfiguration;
			buildSettings = {
				ALWAYS_SEARCH_USER_PATHS = NO;
				CLANG_ANALYZER_NONNULL = YES;
				CLANG_ANALYZER_NUMBER_OBJECT_CONVERSION = YES_AGGRESSIVE;
				CLANG_CXX_LANGUAGE_STANDARD = "gnu++14";
				CLANG_CXX_LIBRARY = "libc++";
				CLANG_ENABLE_MODULES = YES;
				CLANG_ENABLE_OBJC_ARC = YES;
				CLANG_WARN_BLOCK_CAPTURE_AUTORELEASING = YES;
				CLANG_WARN_BOOL_CONVERSION = YES;
				CLANG_WARN_COMMA = YES;
				CLANG_WARN_CONSTANT_CONVERSION = YES;
				CLANG_WARN_DIRECT_OBJC_ISA_USAGE = YES_ERROR;
				CLANG_WARN_DOCUMENTATION_COMMENTS = YES;
				CLANG_WARN_EMPTY_BODY = YES;
				CLANG_WARN_ENUM_CONVERSION = YES;
				CLANG_WARN_INFINITE_RECURSION = YES;
				CLANG_WARN_INT_CONVERSION = YES;
				CLANG_WARN_NON_LITERAL_NULL_CONVERSION = YES;
				CLANG_WARN_OBJC_LITERAL_CONVERSION = YES;
				CLANG_WARN_OBJC_ROOT_CLASS = YES_ERROR;
				CLANG_WARN_RANGE_LOOP_ANALYSIS = YES;
				CLANG_WARN_STRICT_PROTOTYPES = YES;
				CLANG_WARN_SUSPICIOUS_MOVE = YES;
				CLANG_WARN_UNGUARDED_AVAILABILITY = YES_AGGRESSIVE;
				CLANG_WARN_UNREACHABLE_CODE = YES;
				CLANG_WARN__DUPLICATE_METHOD_MATCH = YES;
				CODE_SIGN_IDENTITY = "iPhone Developer";
				COPY_PHASE_STRIP = NO;
				DEBUG_INFORMATION_FORMAT = dwarf;
				ENABLE_STRICT_OBJC_MSGSEND = YES;
				ENABLE_TESTABILITY = YES;
				GCC_C_LANGUAGE_STANDARD = gnu11;
				GCC_DYNAMIC_NO_PIC = NO;
				GCC_NO_COMMON_BLOCKS = YES;
				GCC_OPTIMIZATION_LEVEL = 0;
				GCC_PREPROCESSOR_DEFINITIONS = (
					"DEBUG=1",
					"$(inherited)",
				);
				GCC_WARN_64_TO_32_BIT_CONVERSION = YES;
				GCC_WARN_ABOUT_RETURN_TYPE = YES_ERROR;
				GCC_WARN_UNDECLARED_SELECTOR = YES;
				GCC_WARN_UNINITIALIZED_AUTOS = YES_AGGRESSIVE;
				GCC_WARN_UNUSED_FUNCTION = YES;
				GCC_WARN_UNUSED_VARIABLE = YES;
				IPHONEOS_DEPLOYMENT_TARGET = 11.2;
				MTL_ENABLE_DEBUG_INFO = YES;
				ONLY_ACTIVE_ARCH = YES;
				SDKROOT = iphoneos;
				SWIFT_ACTIVE_COMPILATION_CONDITIONS = DEBUG;
				SWIFT_OPTIMIZATION_LEVEL = "-Onone";
			};
			name = Debug;
		};
		6F7776CB204EF5DD00B0719A /* Release */ = {
			isa = XCBuildConfiguration;
			buildSettings = {
				ALWAYS_SEARCH_USER_PATHS = NO;
				CLANG_ANALYZER_NONNULL = YES;
				CLANG_ANALYZER_NUMBER_OBJECT_CONVERSION = YES_AGGRESSIVE;
				CLANG_CXX_LANGUAGE_STANDARD = "gnu++14";
				CLANG_CXX_LIBRARY = "libc++";
				CLANG_ENABLE_MODULES = YES;
				CLANG_ENABLE_OBJC_ARC = YES;
				CLANG_WARN_BLOCK_CAPTURE_AUTORELEASING = YES;
				CLANG_WARN_BOOL_CONVERSION = YES;
				CLANG_WARN_COMMA = YES;
				CLANG_WARN_CONSTANT_CONVERSION = YES;
				CLANG_WARN_DIRECT_OBJC_ISA_USAGE = YES_ERROR;
				CLANG_WARN_DOCUMENTATION_COMMENTS = YES;
				CLANG_WARN_EMPTY_BODY = YES;
				CLANG_WARN_ENUM_CONVERSION = YES;
				CLANG_WARN_INFINITE_RECURSION = YES;
				CLANG_WARN_INT_CONVERSION = YES;
				CLANG_WARN_NON_LITERAL_NULL_CONVERSION = YES;
				CLANG_WARN_OBJC_LITERAL_CONVERSION = YES;
				CLANG_WARN_OBJC_ROOT_CLASS = YES_ERROR;
				CLANG_WARN_RANGE_LOOP_ANALYSIS = YES;
				CLANG_WARN_STRICT_PROTOTYPES = YES;
				CLANG_WARN_SUSPICIOUS_MOVE = YES;
				CLANG_WARN_UNGUARDED_AVAILABILITY = YES_AGGRESSIVE;
				CLANG_WARN_UNREACHABLE_CODE = YES;
				CLANG_WARN__DUPLICATE_METHOD_MATCH = YES;
				CODE_SIGN_IDENTITY = "iPhone Developer";
				COPY_PHASE_STRIP = NO;
				DEBUG_INFORMATION_FORMAT = "dwarf-with-dsym";
				ENABLE_NS_ASSERTIONS = NO;
				ENABLE_STRICT_OBJC_MSGSEND = YES;
				GCC_C_LANGUAGE_STANDARD = gnu11;
				GCC_NO_COMMON_BLOCKS = YES;
				GCC_WARN_64_TO_32_BIT_CONVERSION = YES;
				GCC_WARN_ABOUT_RETURN_TYPE = YES_ERROR;
				GCC_WARN_UNDECLARED_SELECTOR = YES;
				GCC_WARN_UNINITIALIZED_AUTOS = YES_AGGRESSIVE;
				GCC_WARN_UNUSED_FUNCTION = YES;
				GCC_WARN_UNUSED_VARIABLE = YES;
				IPHONEOS_DEPLOYMENT_TARGET = 11.2;
				MTL_ENABLE_DEBUG_INFO = NO;
				SDKROOT = iphoneos;
				SWIFT_OPTIMIZATION_LEVEL = "-Owholemodule";
				VALIDATE_PRODUCT = YES;
			};
			name = Release;
		};
		6F7776CD204EF5DD00B0719A /* Debug */ = {
			isa = XCBuildConfiguration;
			baseConfigurationReference = B87DBE425383AEE8EFDA9E20 /* Pods-stc-Movies.debug.xcconfig */;
			buildSettings = {
				ASSETCATALOG_COMPILER_APPICON_NAME = AppIcon;
				CLANG_ENABLE_MODULES = YES;
				CODE_SIGN_STYLE = Automatic;
				DEVELOPMENT_TEAM = 922AJNKDJK;
				INFOPLIST_FILE = "stc-Movies/Info.plist";
				LD_RUNPATH_SEARCH_PATHS = "$(inherited) @executable_path/Frameworks";
				PRODUCT_BUNDLE_IDENTIFIER = "stc.stc-Movies";
				PRODUCT_NAME = "$(TARGET_NAME)";
				SWIFT_OPTIMIZATION_LEVEL = "-Onone";
				SWIFT_VERSION = 4.0;
				TARGETED_DEVICE_FAMILY = "1,2";
			};
			name = Debug;
		};
		6F7776CE204EF5DD00B0719A /* Release */ = {
			isa = XCBuildConfiguration;
			baseConfigurationReference = E943442C5B81F22198D8BF05 /* Pods-stc-Movies.release.xcconfig */;
			buildSettings = {
				ASSETCATALOG_COMPILER_APPICON_NAME = AppIcon;
				CLANG_ENABLE_MODULES = YES;
				CODE_SIGN_STYLE = Automatic;
				DEVELOPMENT_TEAM = 922AJNKDJK;
				INFOPLIST_FILE = "stc-Movies/Info.plist";
				LD_RUNPATH_SEARCH_PATHS = "$(inherited) @executable_path/Frameworks";
				PRODUCT_BUNDLE_IDENTIFIER = "stc.stc-Movies";
				PRODUCT_NAME = "$(TARGET_NAME)";
				SWIFT_VERSION = 4.0;
				TARGETED_DEVICE_FAMILY = "1,2";
			};
			name = Release;
		};
/* End XCBuildConfiguration section */

/* Begin XCConfigurationList section */
		6F7776B5204EF5DD00B0719A /* Build configuration list for PBXProject "stc-Movies" */ = {
			isa = XCConfigurationList;
			buildConfigurations = (
				6F7776CA204EF5DD00B0719A /* Debug */,
				6F7776CB204EF5DD00B0719A /* Release */,
			);
			defaultConfigurationIsVisible = 0;
			defaultConfigurationName = Release;
		};
		6F7776CC204EF5DD00B0719A /* Build configuration list for PBXNativeTarget "stc-Movies" */ = {
			isa = XCConfigurationList;
			buildConfigurations = (
				6F7776CD204EF5DD00B0719A /* Debug */,
				6F7776CE204EF5DD00B0719A /* Release */,
			);
			defaultConfigurationIsVisible = 0;
			defaultConfigurationName = Release;
		};
/* End XCConfigurationList section */
	};
	rootObject = 6F7776B2204EF5DD00B0719A /* Project object */;
}
